lockfileVersion: 5.4

specifiers:
  '@faker-js/faker': ^7.6.0
  '@types/express': ^4.17.15
  '@types/node': ^18.11.18
  body-parser: ^1.20.1
  express: ^4.18.2
  firebase: ^9.16.0
  ts-node: ^10.9.1
  typescript: ^4.9.4

dependencies:
  '@faker-js/faker': 7.6.0
  express: 4.18.2
  firebase: 9.16.0
  ts-node: 10.9.1_bdgp3l2zgaopogaavxusmetvge
  typescript: 4.9.5

devDependencies:
  '@types/express': 4.17.16
  '@types/node': 18.11.18
  body-parser: 1.20.1

packages:

  /@cspotcode/source-map-support/0.8.1:
    resolution: {integrity: sha512-IchNf6dN4tHoMFIn/7OE8LWZ19Y6q/67Bmf6vnGREv8RSbBVb9LPJxEcnwrcwX6ixSvaiGoomAUvu4YSxXrVgw==}
    engines: {node: '>=12'}
    dependencies:
      '@jridgewell/trace-mapping': 0.3.9
    dev: false

  /@faker-js/faker/7.6.0:
    resolution: {integrity: sha512-XK6BTq1NDMo9Xqw/YkYyGjSsg44fbNwYRx7QK2CuoQgyy+f1rrTDHoExVM5PsyXCtfl2vs2vVJ0MN0yN6LppRw==}
    engines: {node: '>=14.0.0', npm: '>=6.0.0'}
    dev: false

  /@firebase/analytics-compat/0.2.1_g6uqwz2rbnns44i3jqkvngs7km:
    resolution: {integrity: sha512-qfFAGS4YFsBbmZwVa7xaDnGh7k9BKF4o/piyjySAv0lxRYd74/tSrm3kMk1YM7GCti7PdbgKvl6oSR70zMFQjw==}
    peerDependencies:
      '@firebase/app-compat': 0.x
    dependencies:
      '@firebase/analytics': 0.9.1_@firebase+app@0.9.1
      '@firebase/analytics-types': 0.8.0
      '@firebase/app-compat': 0.2.1
      '@firebase/component': 0.6.1
      '@firebase/util': 1.9.0
      tslib: 2.5.0
    transitivePeerDependencies:
      - '@firebase/app'
    dev: false

  /@firebase/analytics-types/0.8.0:
    resolution: {integrity: sha512-iRP+QKI2+oz3UAh4nPEq14CsEjrjD6a5+fuypjScisAh9kXKFvdJOZJDwk7kikLvWVLGEs9+kIUS4LPQV7VZVw==}
    dev: false

  /@firebase/analytics/0.9.1_@firebase+app@0.9.1:
    resolution: {integrity: sha512-ARXtNHDrjDhVrs5MqmFDpr5yyCw89r1eHLd+Dw9fotAufxL1WTmo6O9bJqKb7QulIJaA84vsFokA3NaO2DNCnQ==}
    peerDependencies:
      '@firebase/app': 0.x
    dependencies:
      '@firebase/app': 0.9.1
      '@firebase/component': 0.6.1
      '@firebase/installations': 0.6.1_@firebase+app@0.9.1
      '@firebase/logger': 0.4.0
      '@firebase/util': 1.9.0
      tslib: 2.5.0
    dev: false

  /@firebase/app-check-compat/0.3.1_g6uqwz2rbnns44i3jqkvngs7km:
    resolution: {integrity: sha512-IaSYdmaoQgWUrN6rjAYJs1TGXj38Wl9damtrDEyJBf7+rrvKshPAP/CP6e2bd89XOMZKbvy8rKoe1CqX1K3ZjQ==}
    peerDependencies:
      '@firebase/app-compat': 0.x
    dependencies:
      '@firebase/app-check': 0.6.1_@firebase+app@0.9.1
      '@firebase/app-check-types': 0.5.0
      '@firebase/app-compat': 0.2.1
      '@firebase/component': 0.6.1
      '@firebase/logger': 0.4.0
      '@firebase/util': 1.9.0
      tslib: 2.5.0
    transitivePeerDependencies:
      - '@firebase/app'
    dev: false

  /@firebase/app-check-interop-types/0.2.0:
    resolution: {integrity: sha512-+3PQIeX6/eiVK+x/yg8r6xTNR97fN7MahFDm+jiQmDjcyvSefoGuTTNQuuMScGyx3vYUBeZn+Cp9kC0yY/9uxQ==}
    dev: false

  /@firebase/app-check-types/0.5.0:
    resolution: {integrity: sha512-uwSUj32Mlubybw7tedRzR24RP8M8JUVR3NPiMk3/Z4bCmgEKTlQBwMXrehDAZ2wF+TsBq0SN1c6ema71U/JPyQ==}
    dev: false

  /@firebase/app-check/0.6.1_@firebase+app@0.9.1:
    resolution: {integrity: sha512-gDG4Gr4n3MnBZAAwLMynU9u/b+f1y87lCezfwlmN1gUxD85mJcvp4hLf87fACTyRkdVfe8hqSXm+MOYn2bMGLg==}
    peerDependencies:
      '@firebase/app': 0.x
    dependencies:
      '@firebase/app': 0.9.1
      '@firebase/component': 0.6.1
      '@firebase/logger': 0.4.0
      '@firebase/util': 1.9.0
      tslib: 2.5.0
    dev: false

  /@firebase/app-compat/0.2.1:
    resolution: {integrity: sha512-UgPy2ZO0li0j4hAkaZKY9P1TuJEx5RylhUWPzCb8DZhBm+uHdfsFI9Yr+wMlu6qQH2sWoweFtYU6ljGzxwdctw==}
    dependencies:
      '@firebase/app': 0.9.1
      '@firebase/component': 0.6.1
      '@firebase/logger': 0.4.0
      '@firebase/util': 1.9.0
      tslib: 2.5.0
    dev: false

  /@firebase/app-types/0.9.0:
    resolution: {integrity: sha512-AeweANOIo0Mb8GiYm3xhTEBVCmPwTYAu9Hcd2qSkLuga/6+j9b1Jskl5bpiSQWy9eJ/j5pavxj6eYogmnuzm+Q==}
    dev: false

  /@firebase/app/0.9.1:
    resolution: {integrity: sha512-Z8wOSol+pvp4CFyY1mW+aqdZlrwhW/ha2YXQ6/avJ56c5Hnvt4k6GktZE6o5NyzvfJTgNHryhMtnEJMIuLaT4w==}
    dependencies:
      '@firebase/component': 0.6.1
      '@firebase/logger': 0.4.0
      '@firebase/util': 1.9.0
      idb: 7.0.1
      tslib: 2.5.0
    dev: false

  /@firebase/auth-compat/0.3.1_6mcahzpwelxihbwxeuev5anwym:
    resolution: {integrity: sha512-Ndcaam+IL1TuJ6hZ0EcQ+v261cK3kPm4mvUtouoTfl3FNinm9XvhccN8ojuaRtIV9TiY18mzGjONKF5ZCXLIZw==}
    peerDependencies:
      '@firebase/app-compat': 0.x
    dependencies:
      '@firebase/app-compat': 0.2.1
      '@firebase/auth': 0.21.1_@firebase+app@0.9.1
      '@firebase/auth-types': 0.12.0_5jnzrvbzv5ihh7koi7jg2zslay
      '@firebase/component': 0.6.1
      '@firebase/util': 1.9.0
      node-fetch: 2.6.7
      tslib: 2.5.0
    transitivePeerDependencies:
      - '@firebase/app'
      - '@firebase/app-types'
      - encoding
    dev: false

  /@firebase/auth-interop-types/0.2.1:
    resolution: {integrity: sha512-VOaGzKp65MY6P5FI84TfYKBXEPi6LmOCSMMzys6o2BN2LOsqy7pCuZCup7NYnfbk5OkkQKzvIfHOzTm0UDpkyg==}
    dev: false

  /@firebase/auth-types/0.12.0_5jnzrvbzv5ihh7koi7jg2zslay:
    resolution: {integrity: sha512-pPwaZt+SPOshK8xNoiQlK5XIrS97kFYc3Rc7xmy373QsOJ9MmqXxLaYssP5Kcds4wd2qK//amx/c+A8O2fVeZA==}
    peerDependencies:
      '@firebase/app-types': 0.x
      '@firebase/util': 1.x
    dependencies:
      '@firebase/app-types': 0.9.0
      '@firebase/util': 1.9.0
    dev: false

  /@firebase/auth/0.21.1_@firebase+app@0.9.1:
    resolution: {integrity: sha512-/ap7eT9X7kZTD4Fn2m+nJyC1a9DfFo0H4euoJDN8U+JCMN+GOqkPbkMWCey7wV510WNoPCZQ05+nsAqKkbEVJw==}
    peerDependencies:
      '@firebase/app': 0.x
    dependencies:
      '@firebase/app': 0.9.1
      '@firebase/component': 0.6.1
      '@firebase/logger': 0.4.0
      '@firebase/util': 1.9.0
      node-fetch: 2.6.7
      tslib: 2.5.0
    transitivePeerDependencies:
      - encoding
    dev: false

  /@firebase/component/0.6.1:
    resolution: {integrity: sha512-yvKthG0InjFx9aOPnh6gk0lVNfNVEtyq3LwXgZr+hOwD0x/CtXq33XCpqv0sQj5CA4FdMy8OO+y9edI+ZUw8LA==}
    dependencies:
      '@firebase/util': 1.9.0
      tslib: 2.5.0
    dev: false

  /@firebase/database-compat/0.3.1:
    resolution: {integrity: sha512-sI7LNh0C8PCq9uUKjrBKLbZvqHTSjsf2LeZRxin+rHVegomjsOAYk9OzYwxETWh3URhpMkCM8KcTl7RVwAldog==}
    dependencies:
      '@firebase/component': 0.6.1
      '@firebase/database': 0.14.1
      '@firebase/database-types': 0.10.1
      '@firebase/logger': 0.4.0
      '@firebase/util': 1.9.0
      tslib: 2.5.0
    dev: false

  /@firebase/database-types/0.10.1:
    resolution: {integrity: sha512-UgUx9VakTHbP2WrVUdYrUT2ofTFVfWjGW2O1fwuvvMyo6WSnuSyO5nB1u0cyoMPvO25dfMIUVerfK7qFfwGL3Q==}
    dependencies:
      '@firebase/app-types': 0.9.0
      '@firebase/util': 1.9.0
    dev: false

  /@firebase/database/0.14.1:
    resolution: {integrity: sha512-iX6/p7hoxUMbYAGZD+D97L05xQgpkslF2+uJLZl46EdaEfjVMEwAdy7RS/grF96kcFZFg502LwPYTXoIdrZqOA==}
    dependencies:
      '@firebase/auth-interop-types': 0.2.1
      '@firebase/component': 0.6.1
      '@firebase/logger': 0.4.0
      '@firebase/util': 1.9.0
      faye-websocket: 0.11.4
      tslib: 2.5.0
    dev: false

  /@firebase/firestore-compat/0.3.1_6mcahzpwelxihbwxeuev5anwym:
    resolution: {integrity: sha512-7eE4O2ASyy5X2h4a+KCRt0ZpliUAKo2jrKxKl1ZVCnOOjSCkXXeRVRG9eNZRqBwukhdwskJTM9acs0WxmKOYLA==}
    peerDependencies:
      '@firebase/app-compat': 0.x
    dependencies:
      '@firebase/app-compat': 0.2.1
      '@firebase/component': 0.6.1
      '@firebase/firestore': 3.8.1_@firebase+app@0.9.1
      '@firebase/firestore-types': 2.5.1_5jnzrvbzv5ihh7koi7jg2zslay
      '@firebase/util': 1.9.0
      tslib: 2.5.0
    transitivePeerDependencies:
      - '@firebase/app'
      - '@firebase/app-types'
      - encoding
    dev: false

  /@firebase/firestore-types/2.5.1_5jnzrvbzv5ihh7koi7jg2zslay:
    resolution: {integrity: sha512-xG0CA6EMfYo8YeUxC8FeDzf6W3FX1cLlcAGBYV6Cku12sZRI81oWcu61RSKM66K6kUENP+78Qm8mvroBcm1whw==}
    peerDependencies:
      '@firebase/app-types': 0.x
      '@firebase/util': 1.x
    dependencies:
      '@firebase/app-types': 0.9.0
      '@firebase/util': 1.9.0
    dev: false

  /@firebase/firestore/3.8.1_@firebase+app@0.9.1:
    resolution: {integrity: sha512-oc2HMkUnq/zF+g9o974tp5RVCdXCnrU8e5S98ajfWG/hGV+8pr4i6vIa4z0yEXKWGi4X0FguxrC69z1dxEJbNg==}
    engines: {node: '>=10.10.0'}
    peerDependencies:
      '@firebase/app': 0.x
    dependencies:
      '@firebase/app': 0.9.1
      '@firebase/component': 0.6.1
      '@firebase/logger': 0.4.0
      '@firebase/util': 1.9.0
      '@firebase/webchannel-wrapper': 0.9.0
      '@grpc/grpc-js': 1.7.3
      '@grpc/proto-loader': 0.6.13
      node-fetch: 2.6.7
      tslib: 2.5.0
    transitivePeerDependencies:
      - encoding
    dev: false

  /@firebase/functions-compat/0.3.1_g6uqwz2rbnns44i3jqkvngs7km:
    resolution: {integrity: sha512-f2D2XoRN+QCziCrUL7UrLaBEoG3v2iAeyNwbbOQ3vv0rI0mtku2/yeB2OINz5/iI6oIrBPUMNLr5fitofj7FpQ==}
    peerDependencies:
      '@firebase/app-compat': 0.x
    dependencies:
      '@firebase/app-compat': 0.2.1
      '@firebase/component': 0.6.1
      '@firebase/functions': 0.9.1_@firebase+app@0.9.1
      '@firebase/functions-types': 0.6.0
      '@firebase/util': 1.9.0
      tslib: 2.5.0
    transitivePeerDependencies:
      - '@firebase/app'
      - encoding
    dev: false

  /@firebase/functions-types/0.6.0:
    resolution: {integrity: sha512-hfEw5VJtgWXIRf92ImLkgENqpL6IWpYaXVYiRkFY1jJ9+6tIhWM7IzzwbevwIIud/jaxKVdRzD7QBWfPmkwCYw==}
    dev: false

  /@firebase/functions/0.9.1_@firebase+app@0.9.1:
    resolution: {integrity: sha512-xCSSU4aVSqYU+lCqhn9o5jJcE1KLUOOKyJfCTdCSCyTn2J3vl9Vk4TDm3JSb1Eu6XsNWtxeMW188F/GYxuMWcw==}
    peerDependencies:
      '@firebase/app': 0.x
    dependencies:
      '@firebase/app': 0.9.1
      '@firebase/app-check-interop-types': 0.2.0
      '@firebase/auth-interop-types': 0.2.1
      '@firebase/component': 0.6.1
      '@firebase/messaging-interop-types': 0.2.0
      '@firebase/util': 1.9.0
      node-fetch: 2.6.7
      tslib: 2.5.0
    transitivePeerDependencies:
      - encoding
    dev: false

  /@firebase/installations-compat/0.2.1_6mcahzpwelxihbwxeuev5anwym:
    resolution: {integrity: sha512-X4IBVKajEeaE45zWX0Y1q8ey39aPFLa+BsUoYzsduMzCxcMBIPZd5/lV1EVGt8SN3+unnC2J75flYkxXVlhBoQ==}
    peerDependencies:
      '@firebase/app-compat': 0.x
    dependencies:
      '@firebase/app-compat': 0.2.1
      '@firebase/component': 0.6.1
      '@firebase/installations': 0.6.1_@firebase+app@0.9.1
      '@firebase/installations-types': 0.5.0_@firebase+app-types@0.9.0
      '@firebase/util': 1.9.0
      tslib: 2.5.0
    transitivePeerDependencies:
      - '@firebase/app'
      - '@firebase/app-types'
    dev: false

  /@firebase/installations-types/0.5.0_@firebase+app-types@0.9.0:
    resolution: {integrity: sha512-9DP+RGfzoI2jH7gY4SlzqvZ+hr7gYzPODrbzVD82Y12kScZ6ZpRg/i3j6rleto8vTFC8n6Len4560FnV1w2IRg==}
    peerDependencies:
      '@firebase/app-types': 0.x
    dependencies:
      '@firebase/app-types': 0.9.0
    dev: false

  /@firebase/installations/0.6.1_@firebase+app@0.9.1:
    resolution: {integrity: sha512-gpobP09LLLakBfNCL04fyblfyb3oX1pn+iNmELygrcAkXTO13IAMuOzThI+Xk4NHQZMX1p5GFSAiGbG4yfsSUQ==}
    peerDependencies:
      '@firebase/app': 0.x
    dependencies:
      '@firebase/app': 0.9.1
      '@firebase/component': 0.6.1
      '@firebase/util': 1.9.0
      idb: 7.0.1
      tslib: 2.5.0
    dev: false

  /@firebase/logger/0.4.0:
    resolution: {integrity: sha512-eRKSeykumZ5+cJPdxxJRgAC3G5NknY2GwEbKfymdnXtnT0Ucm4pspfR6GT4MUQEDuJwRVbVcSx85kgJulMoFFA==}
    dependencies:
      tslib: 2.5.0
    dev: false

  /@firebase/messaging-compat/0.2.1_g6uqwz2rbnns44i3jqkvngs7km:
    resolution: {integrity: sha512-BykvXtAWOs0W4Ik79lNfMKSxaUCtOJ47PJ9Vw2ySHZ14vFFNuDAtRTOBOlAFhUpsHqRoQFvFCkBGsRIQYq8hzw==}
    peerDependencies:
      '@firebase/app-compat': 0.x
    dependencies:
      '@firebase/app-compat': 0.2.1
      '@firebase/component': 0.6.1
      '@firebase/messaging': 0.12.1_@firebase+app@0.9.1
      '@firebase/util': 1.9.0
      tslib: 2.5.0
    transitivePeerDependencies:
      - '@firebase/app'
    dev: false

  /@firebase/messaging-interop-types/0.2.0:
    resolution: {integrity: sha512-ujA8dcRuVeBixGR9CtegfpU4YmZf3Lt7QYkcj693FFannwNuZgfAYaTmbJ40dtjB81SAu6tbFPL9YLNT15KmOQ==}
    dev: false

  /@firebase/messaging/0.12.1_@firebase+app@0.9.1:
    resolution: {integrity: sha512-/F+2OWarR8TcJJVlQS6zBoHHfXMgfgR0/ukQ3h7Ow3WZ3WZ9+Sj/gvxzothXZm+WtBylfXuhiANFgHEDFL0J0w==}
    peerDependencies:
      '@firebase/app': 0.x
    dependencies:
      '@firebase/app': 0.9.1
      '@firebase/component': 0.6.1
      '@firebase/installations': 0.6.1_@firebase+app@0.9.1
      '@firebase/messaging-interop-types': 0.2.0
      '@firebase/util': 1.9.0
      idb: 7.0.1
      tslib: 2.5.0
    dev: false

  /@firebase/performance-compat/0.2.1_g6uqwz2rbnns44i3jqkvngs7km:
    resolution: {integrity: sha512-4mn6eS7r2r+ZAHvU0OHE+3ZO+x6gOVhf2ypBoijuDNaRNjSn9GcvA8udD4IbJ8FNv/k7mbbtA9AdxVb701Lr1g==}
    peerDependencies:
      '@firebase/app-compat': 0.x
    dependencies:
      '@firebase/app-compat': 0.2.1
      '@firebase/component': 0.6.1
      '@firebase/logger': 0.4.0
      '@firebase/performance': 0.6.1_@firebase+app@0.9.1
      '@firebase/performance-types': 0.2.0
      '@firebase/util': 1.9.0
      tslib: 2.5.0
    transitivePeerDependencies:
      - '@firebase/app'
    dev: false

  /@firebase/performance-types/0.2.0:
    resolution: {integrity: sha512-kYrbr8e/CYr1KLrLYZZt2noNnf+pRwDq2KK9Au9jHrBMnb0/C9X9yWSXmZkFt4UIdsQknBq8uBB7fsybZdOBTA==}
    dev: false

  /@firebase/performance/0.6.1_@firebase+app@0.9.1:
    resolution: {integrity: sha512-mT/CWz3CLgyn/a3sO/TJgrTt+RA3DfuvWwGXY9zmIiuBZY2bDi1M2uMefJdJKc9sBUPRajNF6RL10nGYq3BAuQ==}
    peerDependencies:
      '@firebase/app': 0.x
    dependencies:
      '@firebase/app': 0.9.1
      '@firebase/component': 0.6.1
      '@firebase/installations': 0.6.1_@firebase+app@0.9.1
      '@firebase/logger': 0.4.0
      '@firebase/util': 1.9.0
      tslib: 2.5.0
    dev: false

  /@firebase/remote-config-compat/0.2.1_g6uqwz2rbnns44i3jqkvngs7km:
    resolution: {integrity: sha512-RPCj7c2Q3QxMgJH3YCt0iD57KppFApghxAGETzlr6Jm6vT7k0vqvk2KgRBgKa4koJBsgwlUtRn2roaCqUEadyg==}
    peerDependencies:
      '@firebase/app-compat': 0.x
    dependencies:
      '@firebase/app-compat': 0.2.1
      '@firebase/component': 0.6.1
      '@firebase/logger': 0.4.0
      '@firebase/remote-config': 0.4.1_@firebase+app@0.9.1
      '@firebase/remote-config-types': 0.3.0
      '@firebase/util': 1.9.0
      tslib: 2.5.0
    transitivePeerDependencies:
      - '@firebase/app'
    dev: false

  /@firebase/remote-config-types/0.3.0:
    resolution: {integrity: sha512-RtEH4vdcbXZuZWRZbIRmQVBNsE7VDQpet2qFvq6vwKLBIQRQR5Kh58M4ok3A3US8Sr3rubYnaGqZSurCwI8uMA==}
    dev: false

  /@firebase/remote-config/0.4.1_@firebase+app@0.9.1:
    resolution: {integrity: sha512-RCzBH3FjAPRSP3M1T7jdxLYBesIdLtNIQ0fR9ywJpGSSa0kIXEJ9iSZMTP+9pJtaCxz8db07FvjEqg7Y+lgjzg==}
    peerDependencies:
      '@firebase/app': 0.x
    dependencies:
      '@firebase/app': 0.9.1
      '@firebase/component': 0.6.1
      '@firebase/installations': 0.6.1_@firebase+app@0.9.1
      '@firebase/logger': 0.4.0
      '@firebase/util': 1.9.0
      tslib: 2.5.0
    dev: false

  /@firebase/storage-compat/0.2.1_6mcahzpwelxihbwxeuev5anwym:
    resolution: {integrity: sha512-H0oFdYsMn2Z6tP9tlVERBkJiZsCbFAcl3Li1dnpvDg9g323egdjCnUUgH/tJODRR/Y84iZSNRkg4FvHDVI/o7Q==}
    peerDependencies:
      '@firebase/app-compat': 0.x
    dependencies:
      '@firebase/app-compat': 0.2.1
      '@firebase/component': 0.6.1
      '@firebase/storage': 0.10.1_@firebase+app@0.9.1
      '@firebase/storage-types': 0.7.0_5jnzrvbzv5ihh7koi7jg2zslay
      '@firebase/util': 1.9.0
      tslib: 2.5.0
    transitivePeerDependencies:
      - '@firebase/app'
      - '@firebase/app-types'
      - encoding
    dev: false

  /@firebase/storage-types/0.7.0_5jnzrvbzv5ihh7koi7jg2zslay:
    resolution: {integrity: sha512-n/8pYd82hc9XItV3Pa2KGpnuJ/2h/n/oTAaBberhe6GeyWQPnsmwwRK94W3GxUwBA/ZsszBAYZd7w7tTE+6XXA==}
    peerDependencies:
      '@firebase/app-types': 0.x
      '@firebase/util': 1.x
    dependencies:
      '@firebase/app-types': 0.9.0
      '@firebase/util': 1.9.0
    dev: false

  /@firebase/storage/0.10.1_@firebase+app@0.9.1:
    resolution: {integrity: sha512-eN4ME+TFCh5KfyG9uo8PhE6cgKjK5Rb9eucQg1XEyLHMiaZiUv2xSuWehJn0FaL+UdteoaWKuRUZ4WXRDskXrA==}
    peerDependencies:
      '@firebase/app': 0.x
    dependencies:
      '@firebase/app': 0.9.1
      '@firebase/component': 0.6.1
      '@firebase/util': 1.9.0
      node-fetch: 2.6.7
      tslib: 2.5.0
    transitivePeerDependencies:
      - encoding
    dev: false

  /@firebase/util/1.9.0:
    resolution: {integrity: sha512-oeoq/6Sr9btbwUQs5HPfeww97bf7qgBbkknbDTXpRaph2LZ23O9XLCE5tJy856SBmGQfO4xBZP8dyryLLM2nSQ==}
    dependencies:
      tslib: 2.5.0
    dev: false

  /@firebase/webchannel-wrapper/0.9.0:
    resolution: {integrity: sha512-BpiZLBWdLFw+qFel9p3Zs1jD6QmH7Ii4aTDu6+vx8ShdidChZUXqDhYJly4ZjSgQh54miXbBgBrk0S+jTIh/Qg==}
    dev: false

  /@grpc/grpc-js/1.7.3:
    resolution: {integrity: sha512-H9l79u4kJ2PVSxUNA08HMYAnUBLj9v6KjYQ7SQ71hOZcEXhShE/y5iQCesP8+6/Ik/7i2O0a10bPquIcYfufog==}
    engines: {node: ^8.13.0 || >=10.10.0}
    dependencies:
      '@grpc/proto-loader': 0.7.4
      '@types/node': 18.11.18
    dev: false

  /@grpc/proto-loader/0.6.13:
    resolution: {integrity: sha512-FjxPYDRTn6Ec3V0arm1FtSpmP6V50wuph2yILpyvTKzjc76oDdoihXqM1DzOW5ubvCC8GivfCnNtfaRE8myJ7g==}
    engines: {node: '>=6'}
    hasBin: true
    dependencies:
      '@types/long': 4.0.2
      lodash.camelcase: 4.3.0
      long: 4.0.0
      protobufjs: 6.11.3
      yargs: 16.2.0
    dev: false

  /@grpc/proto-loader/0.7.4:
    resolution: {integrity: sha512-MnWjkGwqQ3W8fx94/c1CwqLsNmHHv2t0CFn+9++6+cDphC1lolpg9M2OU0iebIjK//pBNX9e94ho+gjx6vz39w==}
    engines: {node: '>=6'}
    hasBin: true
    dependencies:
      '@types/long': 4.0.2
      lodash.camelcase: 4.3.0
      long: 4.0.0
      protobufjs: 7.2.0
      yargs: 16.2.0
    dev: false

  /@jridgewell/resolve-uri/3.1.0:
    resolution: {integrity: sha512-F2msla3tad+Mfht5cJq7LSXcdudKTWCVYUgw6pLFOOHSTtZlj6SWNYAp+AhuqLmWdBO2X5hPrLcu8cVP8fy28w==}
    engines: {node: '>=6.0.0'}
    dev: false

  /@jridgewell/sourcemap-codec/1.4.14:
    resolution: {integrity: sha512-XPSJHWmi394fuUuzDnGz1wiKqWfo1yXecHQMRf2l6hztTO+nPru658AyDngaBe7isIxEkRsPR3FZh+s7iVa4Uw==}
    dev: false

  /@jridgewell/trace-mapping/0.3.9:
    resolution: {integrity: sha512-3Belt6tdc8bPgAtbcmdtNJlirVoTmEb5e2gC94PnkwEW9jI6CAHUeoG85tjWP5WquqfavoMtMwiG4P926ZKKuQ==}
    dependencies:
      '@jridgewell/resolve-uri': 3.1.0
      '@jridgewell/sourcemap-codec': 1.4.14
    dev: false

  /@protobufjs/aspromise/1.1.2:
    resolution: {integrity: sha512-j+gKExEuLmKwvz3OgROXtrJ2UG2x8Ch2YZUxahh+s1F2HZ+wAceUNLkvy6zKCPVRkU++ZWQrdxsUeQXmcg4uoQ==}
    dev: false

  /@protobufjs/base64/1.1.2:
    resolution: {integrity: sha512-AZkcAA5vnN/v4PDqKyMR5lx7hZttPDgClv83E//FMNhR2TMcLUhfRUBHCmSl0oi9zMgDDqRUJkSxO3wm85+XLg==}
    dev: false

  /@protobufjs/codegen/2.0.4:
    resolution: {integrity: sha512-YyFaikqM5sH0ziFZCN3xDC7zeGaB/d0IUb9CATugHWbd1FRFwWwt4ld4OYMPWu5a3Xe01mGAULCdqhMlPl29Jg==}
    dev: false

  /@protobufjs/eventemitter/1.1.0:
    resolution: {integrity: sha512-j9ednRT81vYJ9OfVuXG6ERSTdEL1xVsNgqpkxMsbIabzSo3goCjDIveeGv5d03om39ML71RdmrGNjG5SReBP/Q==}
    dev: false

  /@protobufjs/fetch/1.1.0:
    resolution: {integrity: sha512-lljVXpqXebpsijW71PZaCYeIcE5on1w5DlQy5WH6GLbFryLUrBD4932W/E2BSpfRJWseIL4v/KPgBFxDOIdKpQ==}
    dependencies:
      '@protobufjs/aspromise': 1.1.2
      '@protobufjs/inquire': 1.1.0
    dev: false

  /@protobufjs/float/1.0.2:
    resolution: {integrity: sha512-Ddb+kVXlXst9d+R9PfTIxh1EdNkgoRe5tOX6t01f1lYWOvJnSPDBlG241QLzcyPdoNTsblLUdujGSE4RzrTZGQ==}
    dev: false

  /@protobufjs/inquire/1.1.0:
    resolution: {integrity: sha512-kdSefcPdruJiFMVSbn801t4vFK7KB/5gd2fYvrxhuJYg8ILrmn9SKSX2tZdV6V+ksulWqS7aXjBcRXl3wHoD9Q==}
    dev: false

  /@protobufjs/path/1.1.2:
    resolution: {integrity: sha512-6JOcJ5Tm08dOHAbdR3GrvP+yUUfkjG5ePsHYczMFLq3ZmMkAD98cDgcT2iA1lJ9NVwFd4tH/iSSoe44YWkltEA==}
    dev: false

  /@protobufjs/pool/1.1.0:
    resolution: {integrity: sha512-0kELaGSIDBKvcgS4zkjz1PeddatrjYcmMWOlAuAPwAeccUrPHdUqo/J6LiymHHEiJT5NrF1UVwxY14f+fy4WQw==}
    dev: false

  /@protobufjs/utf8/1.1.0:
    resolution: {integrity: sha512-Vvn3zZrhQZkkBE8LSuW3em98c0FwgO4nxzv6OdSxPKJIEKY2bGbHn+mhGIPerzI4twdxaP8/0+06HBpwf345Lw==}
    dev: false

  /@tsconfig/node10/1.0.9:
    resolution: {integrity: sha512-jNsYVVxU8v5g43Erja32laIDHXeoNvFEpX33OK4d6hljo3jDhCBDhx5dhCCTMWUojscpAagGiRkBKxpdl9fxqA==}
    dev: false

  /@tsconfig/node12/1.0.11:
    resolution: {integrity: sha512-cqefuRsh12pWyGsIoBKJA9luFu3mRxCA+ORZvA4ktLSzIuCUtWVxGIuXigEwO5/ywWFMZ2QEGKWvkZG1zDMTag==}
    dev: false

  /@tsconfig/node14/1.0.3:
    resolution: {integrity: sha512-ysT8mhdixWK6Hw3i1V2AeRqZ5WfXg1G43mqoYlM2nc6388Fq5jcXyr5mRsqViLx/GJYdoL0bfXD8nmF+Zn/Iow==}
    dev: false

  /@tsconfig/node16/1.0.3:
    resolution: {integrity: sha512-yOlFc+7UtL/89t2ZhjPvvB/DeAr3r+Dq58IgzsFkOAvVC6NMJXmCGjbptdXdR9qsX7pKcTL+s87FtYREi2dEEQ==}
    dev: false

  /@types/body-parser/1.19.2:
    resolution: {integrity: sha512-ALYone6pm6QmwZoAgeyNksccT9Q4AWZQ6PvfwR37GT6r6FWUPguq6sUmNGSMV2Wr761oQoBxwGGa6DR5o1DC9g==}
    dependencies:
      '@types/connect': 3.4.35
      '@types/node': 18.11.18
    dev: true

  /@types/connect/3.4.35:
    resolution: {integrity: sha512-cdeYyv4KWoEgpBISTxWvqYsVy444DOqehiF3fM3ne10AmJ62RSyNkUnxMJXHQWRQQX2eR94m5y1IZyDwBjV9FQ==}
    dependencies:
      '@types/node': 18.11.18
    dev: true

  /@types/express-serve-static-core/4.17.33:
    resolution: {integrity: sha512-TPBqmR/HRYI3eC2E5hmiivIzv+bidAfXofM+sbonAGvyDhySGw9/PQZFt2BLOrjUUR++4eJVpx6KnLQK1Fk9tA==}
    dependencies:
      '@types/node': 18.11.18
      '@types/qs': 6.9.7
      '@types/range-parser': 1.2.4
    dev: true

  /@types/express/4.17.16:
    resolution: {integrity: sha512-LkKpqRZ7zqXJuvoELakaFYuETHjZkSol8EV6cNnyishutDBCCdv6+dsKPbKkCcIk57qRphOLY5sEgClw1bO3gA==}
    dependencies:
      '@types/body-parser': 1.19.2
      '@types/express-serve-static-core': 4.17.33
      '@types/qs': 6.9.7
      '@types/serve-static': 1.15.0
    dev: true

  /@types/long/4.0.2:
    resolution: {integrity: sha512-MqTGEo5bj5t157U6fA/BiDynNkn0YknVdh48CMPkTSpFTVmvao5UQmm7uEF6xBEo7qIMAlY/JSleYaE6VOdpaA==}
    dev: false

  /@types/mime/3.0.1:
    resolution: {integrity: sha512-Y4XFY5VJAuw0FgAqPNd6NNoV44jbq9Bz2L7Rh/J6jLTiHBSBJa9fxqQIvkIld4GsoDOcCbvzOUAbLPsSKKg+uA==}
    dev: true

  /@types/node/18.11.18:
    resolution: {integrity: sha512-DHQpWGjyQKSHj3ebjFI/wRKcqQcdR+MoFBygntYOZytCqNfkd2ZC4ARDJ2DQqhjH5p85Nnd3jhUJIXrszFX/JA==}

  /@types/qs/6.9.7:
    resolution: {integrity: sha512-FGa1F62FT09qcrueBA6qYTrJPVDzah9a+493+o2PCXsesWHIn27G98TsSMs3WPNbZIEj4+VJf6saSFpvD+3Zsw==}
    dev: true

  /@types/range-parser/1.2.4:
    resolution: {integrity: sha512-EEhsLsD6UsDM1yFhAvy0Cjr6VwmpMWqFBCb9w07wVugF7w9nfajxLuVmngTIpgS6svCnm6Vaw+MZhoDCKnOfsw==}
    dev: true

  /@types/serve-static/1.15.0:
    resolution: {integrity: sha512-z5xyF6uh8CbjAu9760KDKsH2FcDxZ2tFCsA4HIMWE6IkiYMXfVoa+4f9KX+FN0ZLsaMw1WNG2ETLA6N+/YA+cg==}
    dependencies:
      '@types/mime': 3.0.1
      '@types/node': 18.11.18
    dev: true

  /accepts/1.3.8:
    resolution: {integrity: sha512-PYAthTa2m2VKxuvSD3DPC/Gy+U+sOA1LAuT8mkmRuvw+NACSaeXEQ+NHcVF7rONl6qcaxV3Uuemwawk+7+SJLw==}
    engines: {node: '>= 0.6'}
    dependencies:
      mime-types: 2.1.35
      negotiator: 0.6.3
    dev: false

  /acorn-walk/8.2.0:
    resolution: {integrity: sha512-k+iyHEuPgSw6SbuDpGQM+06HQUa04DZ3o+F6CSzXMvvI5KMvnaEqXe+YVe555R9nn6GPt404fos4wcgpw12SDA==}
    engines: {node: '>=0.4.0'}
    dev: false

  /acorn/8.8.2:
    resolution: {integrity: sha512-xjIYgE8HBrkpd/sJqOGNspf8uHG+NOHGOw6a/Urj8taM2EXfdNAH2oFcPeIFfsv3+kz/mJrS5VuMqbNLjCa2vw==}
    engines: {node: '>=0.4.0'}
    hasBin: true
    dev: false

  /ansi-regex/5.0.1:
    resolution: {integrity: sha512-quJQXlTSUGL2LH9SUXo8VwsY4soanhgo6LNSm84E1LBcE8s3O0wpdiRzyR9z/ZZJMlMWv37qOOb9pdJlMUEKFQ==}
    engines: {node: '>=8'}
    dev: false

  /ansi-styles/4.3.0:
    resolution: {integrity: sha512-zbB9rCJAT1rbjiVDb2hqKFHNYLxgtk8NURxZ3IZwD3F6NtxbXZQCnnSi1Lkx+IDohdPlFp222wVALIheZJQSEg==}
    engines: {node: '>=8'}
    dependencies:
      color-convert: 2.0.1
    dev: false

  /arg/4.1.3:
    resolution: {integrity: sha512-58S9QDqG0Xx27YwPSt9fJxivjYl432YCwfDMfZ+71RAqUrZef7LrKQZ3LHLOwCS4FLNBplP533Zx895SeOCHvA==}
    dev: false

  /array-flatten/1.1.1:
    resolution: {integrity: sha512-PCVAQswWemu6UdxsDFFX/+gVeYqKAod3D3UVm91jHwynguOwAvYPhx8nNlM++NqRcK6CxxpUafjmhIdKiHibqg==}
    dev: false

  /body-parser/1.20.1:
    resolution: {integrity: sha512-jWi7abTbYwajOytWCQc37VulmWiRae5RyTpaCyDcS5/lMdtwSz5lOpDE67srw/HYe35f1z3fDQw+3txg7gNtWw==}
    engines: {node: '>= 0.8', npm: 1.2.8000 || >= 1.4.16}
    dependencies:
      bytes: 3.1.2
      content-type: 1.0.5
      debug: 2.6.9
      depd: 2.0.0
      destroy: 1.2.0
      http-errors: 2.0.0
      iconv-lite: 0.4.24
      on-finished: 2.4.1
      qs: 6.11.0
      raw-body: 2.5.1
      type-is: 1.6.18
      unpipe: 1.0.0
    transitivePeerDependencies:
      - supports-color

  /bytes/3.1.2:
    resolution: {integrity: sha512-/Nf7TyzTx6S3yRJObOAV7956r8cr2+Oj8AC5dt8wSP3BQAoeX58NoHyCU8P8zGkNXStjTSi6fzO6F0pBdcYbEg==}
    engines: {node: '>= 0.8'}

  /call-bind/1.0.2:
    resolution: {integrity: sha512-7O+FbCihrB5WGbFYesctwmTKae6rOiIzmz1icreWJ+0aA7LJfuqhEso2T9ncpcFtzMQtzXf2QGGueWJGTYsqrA==}
    dependencies:
      function-bind: 1.1.1
      get-intrinsic: 1.2.0

  /cliui/7.0.4:
    resolution: {integrity: sha512-OcRE68cOsVMXp1Yvonl/fzkQOyjLSu/8bhPDfQt0e0/Eb283TKP20Fs2MqoPsr9SwA595rRCA+QMzYc9nBP+JQ==}
    dependencies:
      string-width: 4.2.3
      strip-ansi: 6.0.1
      wrap-ansi: 7.0.0
    dev: false

  /color-convert/2.0.1:
    resolution: {integrity: sha512-RRECPsj7iu/xb5oKYcsFHSppFNnsj/52OVTRKb4zP5onXwVF3zVmmToNcOfGC+CRDpfK/U584fMg38ZHCaElKQ==}
    engines: {node: '>=7.0.0'}
    dependencies:
      color-name: 1.1.4
    dev: false

  /color-name/1.1.4:
    resolution: {integrity: sha512-dOy+3AuW3a2wNbZHIuMZpTcgjGuLU/uBL/ubcZF9OXbDo8ff4O8yVp5Bf0efS8uEoYo5q4Fx7dY9OgQGXgAsQA==}
    dev: false

  /content-disposition/0.5.4:
    resolution: {integrity: sha512-FveZTNuGw04cxlAiWbzi6zTAL/lhehaWbTtgluJh4/E95DqMwTmha3KZN1aAWA8cFIhHzMZUvLevkw5Rqk+tSQ==}
    engines: {node: '>= 0.6'}
    dependencies:
      safe-buffer: 5.2.1
    dev: false

  /content-type/1.0.5:
    resolution: {integrity: sha512-nTjqfcBFEipKdXCv4YDQWCfmcLZKm81ldF0pAopTvyrFGVbcR6P/VAAd5G7N+0tTr8QqiU0tFadD6FK4NtJwOA==}
    engines: {node: '>= 0.6'}

  /cookie-signature/1.0.6:
    resolution: {integrity: sha512-QADzlaHc8icV8I7vbaJXJwod9HWYp8uCqf1xa4OfNu1T7JVxQIrUgOWtHdNDtPiywmFbiS12VjotIXLrKM3orQ==}
    dev: false

  /cookie/0.5.0:
    resolution: {integrity: sha512-YZ3GUyn/o8gfKJlnlX7g7xq4gyO6OSuhGPKaaGssGB2qgDUS0gPgtTvoyZLTt9Ab6dC4hfc9dV5arkvc/OCmrw==}
    engines: {node: '>= 0.6'}
    dev: false

  /create-require/1.1.1:
    resolution: {integrity: sha512-dcKFX3jn0MpIaXjisoRvexIJVEKzaq7z2rZKxf+MSr9TkdmHmsU4m2lcLojrj/FHl8mk5VxMmYA+ftRkP/3oKQ==}
    dev: false

  /debug/2.6.9:
    resolution: {integrity: sha512-bC7ElrdJaJnPbAP+1EotYvqZsb3ecl5wi6Bfi6BJTUcNowp6cvspg0jXznRTKDjm/E7AdgFBVeAPVMNcKGsHMA==}
    peerDependencies:
      supports-color: '*'
    peerDependenciesMeta:
      supports-color:
        optional: true
    dependencies:
      ms: 2.0.0

  /depd/2.0.0:
    resolution: {integrity: sha512-g7nH6P6dyDioJogAAGprGpCtVImJhpPk/roCzdb3fIh61/s/nPsfR6onyMwkCAR/OlC3yBC0lESvUoQEAssIrw==}
    engines: {node: '>= 0.8'}

  /destroy/1.2.0:
    resolution: {integrity: sha512-2sJGJTaXIIaR1w4iJSNoN0hnMY7Gpc/n8D4qSCJw8QqFWXf7cuAgnEHxBpweaVcPevC2l3KpjYCx3NypQQgaJg==}
    engines: {node: '>= 0.8', npm: 1.2.8000 || >= 1.4.16}

  /diff/4.0.2:
    resolution: {integrity: sha512-58lmxKSA4BNyLz+HHMUzlOEpg09FV+ev6ZMe3vJihgdxzgcwZ8VoEEPmALCZG9LmqfVoNMMKpttIYTVG6uDY7A==}
    engines: {node: '>=0.3.1'}
    dev: false

  /ee-first/1.1.1:
    resolution: {integrity: sha512-WMwm9LhRUo+WUaRN+vRuETqG89IgZphVSNkdFgeb6sS/E4OrDIN7t48CAewSHXc6C8lefD8KKfr5vY61brQlow==}

  /emoji-regex/8.0.0:
    resolution: {integrity: sha512-MSjYzcWNOA0ewAHpz0MxpYFvwg6yjy1NG3xteoqz644VCo/RPgnr1/GGt+ic3iJTzQ8Eu3TdM14SawnVUmGE6A==}
    dev: false

  /encodeurl/1.0.2:
    resolution: {integrity: sha512-TPJXq8JqFaVYm2CWmPvnP2Iyo4ZSM7/QKcSmuMLDObfpH5fi7RUGmd/rTDf+rut/saiDiQEeVTNgAmJEdAOx0w==}
    engines: {node: '>= 0.8'}
    dev: false

  /escalade/3.1.1:
    resolution: {integrity: sha512-k0er2gUkLf8O0zKJiAhmkTnJlTvINGv7ygDNPbeIsX/TJjGJZHuh9B2UxbsaEkmlEo9MfhrSzmhIlhRlI2GXnw==}
    engines: {node: '>=6'}
    dev: false

  /escape-html/1.0.3:
    resolution: {integrity: sha512-NiSupZ4OeuGwr68lGIeym/ksIZMJodUGOSCZ/FSnTxcrekbvqrgdUxlJOMpijaKZVjAJrWrGs/6Jy8OMuyj9ow==}
    dev: false

  /etag/1.8.1:
    resolution: {integrity: sha512-aIL5Fx7mawVa300al2BnEE4iNvo1qETxLrPI/o05L7z6go7fCw1J6EQmbK4FmJ2AS7kgVF/KEZWufBfdClMcPg==}
    engines: {node: '>= 0.6'}
    dev: false

  /express/4.18.2:
    resolution: {integrity: sha512-5/PsL6iGPdfQ/lKM1UuielYgv3BUoJfz1aUwU9vHZ+J7gyvwdQXFEBIEIaxeGf0GIcreATNyBExtalisDbuMqQ==}
    engines: {node: '>= 0.10.0'}
    dependencies:
      accepts: 1.3.8
      array-flatten: 1.1.1
      body-parser: 1.20.1
      content-disposition: 0.5.4
      content-type: 1.0.5
      cookie: 0.5.0
      cookie-signature: 1.0.6
      debug: 2.6.9
      depd: 2.0.0
      encodeurl: 1.0.2
      escape-html: 1.0.3
      etag: 1.8.1
      finalhandler: 1.2.0
      fresh: 0.5.2
      http-errors: 2.0.0
      merge-descriptors: 1.0.1
      methods: 1.1.2
      on-finished: 2.4.1
      parseurl: 1.3.3
      path-to-regexp: 0.1.7
      proxy-addr: 2.0.7
      qs: 6.11.0
      range-parser: 1.2.1
      safe-buffer: 5.2.1
      send: 0.18.0
      serve-static: 1.15.0
      setprototypeof: 1.2.0
      statuses: 2.0.1
      type-is: 1.6.18
      utils-merge: 1.0.1
      vary: 1.1.2
    transitivePeerDependencies:
      - supports-color
    dev: false

  /faye-websocket/0.11.4:
    resolution: {integrity: sha512-CzbClwlXAuiRQAlUyfqPgvPoNKTckTPGfwZV4ZdAhVcP2lh9KUxJg2b5GkE7XbjKQ3YJnQ9z6D9ntLAlB+tP8g==}
    engines: {node: '>=0.8.0'}
    dependencies:
      websocket-driver: 0.7.4
    dev: false

  /finalhandler/1.2.0:
    resolution: {integrity: sha512-5uXcUVftlQMFnWC9qu/svkWv3GTd2PfUhK/3PLkYNAe7FbqJMt3515HaxE6eRL74GdsriiwujiawdaB1BpEISg==}
    engines: {node: '>= 0.8'}
    dependencies:
      debug: 2.6.9
      encodeurl: 1.0.2
      escape-html: 1.0.3
      on-finished: 2.4.1
      parseurl: 1.3.3
      statuses: 2.0.1
      unpipe: 1.0.0
    transitivePeerDependencies:
      - supports-color
    dev: false

  /firebase/9.16.0:
    resolution: {integrity: sha512-nNLpDwJvfP3crRc6AjnHH46TAkFzk8zimNVMJfYRCwAf5amOSGyU8duuc3IsJF6dQGiYLSfzfr2tMCsQa+rhKQ==}
    dependencies:
      '@firebase/analytics': 0.9.1_@firebase+app@0.9.1
      '@firebase/analytics-compat': 0.2.1_g6uqwz2rbnns44i3jqkvngs7km
      '@firebase/app': 0.9.1
      '@firebase/app-check': 0.6.1_@firebase+app@0.9.1
      '@firebase/app-check-compat': 0.3.1_g6uqwz2rbnns44i3jqkvngs7km
      '@firebase/app-compat': 0.2.1
      '@firebase/app-types': 0.9.0
      '@firebase/auth': 0.21.1_@firebase+app@0.9.1
      '@firebase/auth-compat': 0.3.1_6mcahzpwelxihbwxeuev5anwym
      '@firebase/database': 0.14.1
      '@firebase/database-compat': 0.3.1
      '@firebase/firestore': 3.8.1_@firebase+app@0.9.1
      '@firebase/firestore-compat': 0.3.1_6mcahzpwelxihbwxeuev5anwym
      '@firebase/functions': 0.9.1_@firebase+app@0.9.1
      '@firebase/functions-compat': 0.3.1_g6uqwz2rbnns44i3jqkvngs7km
      '@firebase/installations': 0.6.1_@firebase+app@0.9.1
      '@firebase/installations-compat': 0.2.1_6mcahzpwelxihbwxeuev5anwym
      '@firebase/messaging': 0.12.1_@firebase+app@0.9.1
      '@firebase/messaging-compat': 0.2.1_g6uqwz2rbnns44i3jqkvngs7km
      '@firebase/performance': 0.6.1_@firebase+app@0.9.1
      '@firebase/performance-compat': 0.2.1_g6uqwz2rbnns44i3jqkvngs7km
      '@firebase/remote-config': 0.4.1_@firebase+app@0.9.1
      '@firebase/remote-config-compat': 0.2.1_g6uqwz2rbnns44i3jqkvngs7km
      '@firebase/storage': 0.10.1_@firebase+app@0.9.1
      '@firebase/storage-compat': 0.2.1_6mcahzpwelxihbwxeuev5anwym
      '@firebase/util': 1.9.0
    transitivePeerDependencies:
      - encoding
    dev: false

  /forwarded/0.2.0:
    resolution: {integrity: sha512-buRG0fpBtRHSTCOASe6hD258tEubFoRLb4ZNA6NxMVHNw2gOcwHo9wyablzMzOA5z9xA9L1KNjk/Nt6MT9aYow==}
    engines: {node: '>= 0.6'}
    dev: false

  /fresh/0.5.2:
    resolution: {integrity: sha512-zJ2mQYM18rEFOudeV4GShTGIQ7RbzA7ozbU9I/XBpm7kqgMywgmylMwXHxZJmkVoYkna9d2pVXVXPdYTP9ej8Q==}
    engines: {node: '>= 0.6'}
    dev: false

  /function-bind/1.1.1:
    resolution: {integrity: sha512-yIovAzMX49sF8Yl58fSCWJ5svSLuaibPxXQJFLmBObTuCr0Mf1KiPopGM9NiFjiYBCbfaa2Fh6breQ6ANVTI0A==}

  /get-caller-file/2.0.5:
    resolution: {integrity: sha512-DyFP3BM/3YHTQOCUL/w0OZHR0lpKeGrxotcHWcqNEdnltqFwXVfhEBQ94eIo34AfQpo0rGki4cyIiftY06h2Fg==}
    engines: {node: 6.* || 8.* || >= 10.*}
    dev: false

  /get-intrinsic/1.2.0:
    resolution: {integrity: sha512-L049y6nFOuom5wGyRc3/gdTLO94dySVKRACj1RmJZBQXlbTMhtNIgkWkUHq+jYmZvKf14EW1EoJnnjbmoHij0Q==}
    dependencies:
      function-bind: 1.1.1
      has: 1.0.3
      has-symbols: 1.0.3

  /has-symbols/1.0.3:
    resolution: {integrity: sha512-l3LCuF6MgDNwTDKkdYGEihYjt5pRPbEg46rtlmnSPlUbgmB8LOIrKJbYYFBSbnPaJexMKtiPO8hmeRjRz2Td+A==}
    engines: {node: '>= 0.4'}

  /has/1.0.3:
    resolution: {integrity: sha512-f2dvO0VU6Oej7RkWJGrehjbzMAjFp5/VKPp5tTpWIV4JHHZK1/BxbFRtf/siA2SWTe09caDmVtYYzWEIbBS4zw==}
    engines: {node: '>= 0.4.0'}
    dependencies:
      function-bind: 1.1.1

  /http-errors/2.0.0:
    resolution: {integrity: sha512-FtwrG/euBzaEjYeRqOgly7G0qviiXoJWnvEH2Z1plBdXgbyjv34pHTSb9zoeHMyDy33+DWy5Wt9Wo+TURtOYSQ==}
    engines: {node: '>= 0.8'}
    dependencies:
      depd: 2.0.0
      inherits: 2.0.4
      setprototypeof: 1.2.0
      statuses: 2.0.1
      toidentifier: 1.0.1

  /http-parser-js/0.5.8:
    resolution: {integrity: sha512-SGeBX54F94Wgu5RH3X5jsDtf4eHyRogWX1XGT3b4HuW3tQPM4AaBzoUji/4AAJNXCEOWZ5O0DgZmJw1947gD5Q==}
    dev: false

  /iconv-lite/0.4.24:
    resolution: {integrity: sha512-v3MXnZAcvnywkTUEZomIActle7RXXeedOR31wwl7VlyoXO4Qi9arvSenNQWne1TcRwhCL1HwLI21bEqdpj8/rA==}
    engines: {node: '>=0.10.0'}
    dependencies:
      safer-buffer: 2.1.2

  /idb/7.0.1:
    resolution: {integrity: sha512-UUxlE7vGWK5RfB/fDwEGgRf84DY/ieqNha6msMV99UsEMQhJ1RwbCd8AYBj3QMgnE3VZnfQvm4oKVCJTYlqIgg==}
    dev: false

  /inherits/2.0.4:
    resolution: {integrity: sha512-k/vGaX4/Yla3WzyMCvTQOXYeIHvqOKtnqBduzTHpzpQZzAskKMhZ2K+EnBiSM9zGSoIFeMpXKxa4dYeZIQqewQ==}

  /ipaddr.js/1.9.1:
    resolution: {integrity: sha512-0KI/607xoxSToH7GjN1FfSbLoU0+btTicjsQSWQlh/hZykN8KpmMf7uYwPW3R+akZ6R/w18ZlXSHBYXiYUPO3g==}
    engines: {node: '>= 0.10'}
    dev: false

  /is-fullwidth-code-point/3.0.0:
    resolution: {integrity: sha512-zymm5+u+sCsSWyD9qNaejV3DFvhCKclKdizYaJUuHA83RLjb7nSuGnddCHGv0hk+KY7BMAlsWeK4Ueg6EV6XQg==}
    engines: {node: '>=8'}
    dev: false

  /lodash.camelcase/4.3.0:
    resolution: {integrity: sha512-TwuEnCnxbc3rAvhf/LbG7tJUDzhqXyFnv3dtzLOPgCG/hODL7WFnsbwktkD7yUV0RrreP/l1PALq/YSg6VvjlA==}
    dev: false

  /long/4.0.0:
    resolution: {integrity: sha512-XsP+KhQif4bjX1kbuSiySJFNAehNxgLb6hPRGJ9QsUr8ajHkuXGdrHmFUTUUXhDwVX2R5bY4JNZEwbUiMhV+MA==}
    dev: false

  /long/5.2.1:
    resolution: {integrity: sha512-GKSNGeNAtw8IryjjkhZxuKB3JzlcLTwjtiQCHKvqQet81I93kXslhDQruGI/QsddO83mcDToBVy7GqGS/zYf/A==}
    dev: false

  /make-error/1.3.6:
    resolution: {integrity: sha512-s8UhlNe7vPKomQhC1qFelMokr/Sc3AgNbso3n74mVPA5LTZwkB9NlXf4XPamLxJE8h0gh73rM94xvwRT2CVInw==}
    dev: false

  /media-typer/0.3.0:
    resolution: {integrity: sha512-dq+qelQ9akHpcOl/gUVRTxVIOkAJ1wR3QAvb4RsVjS8oVoFjDGTc679wJYmUmknUF5HwMLOgb5O+a3KxfWapPQ==}
    engines: {node: '>= 0.6'}

  /merge-descriptors/1.0.1:
    resolution: {integrity: sha512-cCi6g3/Zr1iqQi6ySbseM1Xvooa98N0w31jzUYrXPX2xqObmFGHJ0tQ5u74H3mVh7wLouTseZyYIq39g8cNp1w==}
    dev: false

  /methods/1.1.2:
    resolution: {integrity: sha512-iclAHeNqNm68zFtnZ0e+1L2yUIdvzNoauKU4WBA3VvH/vPFieF7qfRlwUZU+DA9P9bPXIS90ulxoUoCH23sV2w==}
    engines: {node: '>= 0.6'}
    dev: false

  /mime-db/1.52.0:
    resolution: {integrity: sha512-sPU4uV7dYlvtWJxwwxHD0PuihVNiE7TyAbQ5SWxDCB9mUYvOgroQOwYQQOKPJ8CIbE+1ETVlOoK1UC2nU3gYvg==}
    engines: {node: '>= 0.6'}

  /mime-types/2.1.35:
    resolution: {integrity: sha512-ZDY+bPm5zTTF+YpCrAU9nK0UgICYPT0QtT1NZWFv4s++TNkcgVaT0g6+4R2uI4MjQjzysHB1zxuWL50hzaeXiw==}
    engines: {node: '>= 0.6'}
    dependencies:
      mime-db: 1.52.0

  /mime/1.6.0:
    resolution: {integrity: sha512-x0Vn8spI+wuJ1O6S7gnbaQg8Pxh4NNHb7KSINmEWKiPE4RKOplvijn+NkmYmmRgP68mc70j2EbeTFRsrswaQeg==}
    engines: {node: '>=4'}
    hasBin: true
    dev: false

  /ms/2.0.0:
    resolution: {integrity: sha512-Tpp60P6IUJDTuOq/5Z8cdskzJujfwqfOTkrwIwj7IRISpnkJnT6SyJ4PCPnGMoFjC9ddhal5KVIYtAt97ix05A==}

  /ms/2.1.3:
    resolution: {integrity: sha512-6FlzubTLZG3J2a/NVCAleEhjzq5oxgHyaCU9yYXvcLsvoVaHJq/s5xXI6/XXP6tz7R9xAOtHnSO/tXtF3WRTlA==}
    dev: false

  /negotiator/0.6.3:
    resolution: {integrity: sha512-+EUsqGPLsM+j/zdChZjsnX51g4XrHFOIXwfnCVPGlQk/k5giakcKsuxCObBRu6DSm9opw/O6slWbJdghQM4bBg==}
    engines: {node: '>= 0.6'}
    dev: false

  /node-fetch/2.6.7:
    resolution: {integrity: sha512-ZjMPFEfVx5j+y2yF35Kzx5sF7kDzxuDj6ziH4FFbOp87zKDZNx8yExJIb05OGF4Nlt9IHFIMBkRl41VdvcNdbQ==}
    engines: {node: 4.x || >=6.0.0}
    peerDependencies:
      encoding: ^0.1.0
    peerDependenciesMeta:
      encoding:
        optional: true
    dependencies:
      whatwg-url: 5.0.0
    dev: false

  /object-inspect/1.12.3:
    resolution: {integrity: sha512-geUvdk7c+eizMNUDkRpW1wJwgfOiOeHbxBR/hLXK1aT6zmVSO0jsQcs7fj6MGw89jC/cjGfLcNOrtMYtGqm81g==}

  /on-finished/2.4.1:
    resolution: {integrity: sha512-oVlzkg3ENAhCk2zdv7IJwd/QUD4z2RxRwpkcGY8psCVcCYZNq4wYnVWALHM+brtuJjePWiYF/ClmuDr8Ch5+kg==}
    engines: {node: '>= 0.8'}
    dependencies:
      ee-first: 1.1.1

  /parseurl/1.3.3:
    resolution: {integrity: sha512-CiyeOxFT/JZyN5m0z9PfXw4SCBJ6Sygz1Dpl0wqjlhDEGGBP1GnsUVEL0p63hoG1fcj3fHynXi9NYO4nWOL+qQ==}
    engines: {node: '>= 0.8'}
    dev: false

  /path-to-regexp/0.1.7:
    resolution: {integrity: sha512-5DFkuoqlv1uYQKxy8omFBeJPQcdoE07Kv2sferDCrAq1ohOU+MSDswDIbnx3YAM60qIOnYa53wBhXW0EbMonrQ==}
    dev: false

  /protobufjs/6.11.3:
    resolution: {integrity: sha512-xL96WDdCZYdU7Slin569tFX712BxsxslWwAfAhCYjQKGTq7dAU91Lomy6nLLhh/dyGhk/YH4TwTSRxTzhuHyZg==}
    hasBin: true
    requiresBuild: true
    dependencies:
      '@protobufjs/aspromise': 1.1.2
      '@protobufjs/base64': 1.1.2
      '@protobufjs/codegen': 2.0.4
      '@protobufjs/eventemitter': 1.1.0
      '@protobufjs/fetch': 1.1.0
      '@protobufjs/float': 1.0.2
      '@protobufjs/inquire': 1.1.0
      '@protobufjs/path': 1.1.2
      '@protobufjs/pool': 1.1.0
      '@protobufjs/utf8': 1.1.0
      '@types/long': 4.0.2
      '@types/node': 18.11.18
      long: 4.0.0
    dev: false

  /protobufjs/7.2.0:
    resolution: {integrity: sha512-hYCqTDuII4iJ4stZqiuGCSU8xxWl5JeXYpwARGtn/tWcKCAro6h3WQz+xpsNbXW0UYqpmTQFEyFWO0G0Kjt64g==}
    engines: {node: '>=12.0.0'}
    requiresBuild: true
    dependencies:
      '@protobufjs/aspromise': 1.1.2
      '@protobufjs/base64': 1.1.2
      '@protobufjs/codegen': 2.0.4
      '@protobufjs/eventemitter': 1.1.0
      '@protobufjs/fetch': 1.1.0
      '@protobufjs/float': 1.0.2
      '@protobufjs/inquire': 1.1.0
      '@protobufjs/path': 1.1.2
      '@protobufjs/pool': 1.1.0
      '@protobufjs/utf8': 1.1.0
      '@types/node': 18.11.18
      long: 5.2.1
    dev: false

  /proxy-addr/2.0.7:
    resolution: {integrity: sha512-llQsMLSUDUPT44jdrU/O37qlnifitDP+ZwrmmZcoSKyLKvtZxpyV0n2/bD/N4tBAAZ/gJEdZU7KMraoK1+XYAg==}
    engines: {node: '>= 0.10'}
    dependencies:
      forwarded: 0.2.0
      ipaddr.js: 1.9.1
    dev: false

  /qs/6.11.0:
    resolution: {integrity: sha512-MvjoMCJwEarSbUYk5O+nmoSzSutSsTwF85zcHPQ9OrlFoZOYIjaqBAJIqIXjptyD5vThxGq52Xu/MaJzRkIk4Q==}
    engines: {node: '>=0.6'}
    dependencies:
      side-channel: 1.0.4

  /range-parser/1.2.1:
    resolution: {integrity: sha512-Hrgsx+orqoygnmhFbKaHE6c296J+HTAQXoxEF6gNupROmmGJRoyzfG3ccAveqCBrwr/2yxQ5BVd/GTl5agOwSg==}
    engines: {node: '>= 0.6'}
    dev: false

  /raw-body/2.5.1:
    resolution: {integrity: sha512-qqJBtEyVgS0ZmPGdCFPWJ3FreoqvG4MVQln/kCgF7Olq95IbOp0/BWyMwbdtn4VTvkM8Y7khCQ2Xgk/tcrCXig==}
    engines: {node: '>= 0.8'}
    dependencies:
      bytes: 3.1.2
      http-errors: 2.0.0
      iconv-lite: 0.4.24
      unpipe: 1.0.0

  /require-directory/2.1.1:
    resolution: {integrity: sha512-fGxEI7+wsG9xrvdjsrlmL22OMTTiHRwAMroiEeMgq8gzoLC/PQr7RsRDSTLUg/bZAZtF+TVIkHc6/4RIKrui+Q==}
    engines: {node: '>=0.10.0'}
    dev: false

  /safe-buffer/5.2.1:
    resolution: {integrity: sha512-rp3So07KcdmmKbGvgaNxQSJr7bGVSVk5S9Eq1F+ppbRo70+YeaDxkw5Dd8NPN+GD6bjnYm2VuPuCXmpuYvmCXQ==}
    dev: false

  /safer-buffer/2.1.2:
    resolution: {integrity: sha512-YZo3K82SD7Riyi0E1EQPojLz7kpepnSQI9IyPbHHg1XXXevb5dJI7tpyN2ADxGcQbHG7vcyRHk0cbwqcQriUtg==}

  /send/0.18.0:
    resolution: {integrity: sha512-qqWzuOjSFOuqPjFe4NOsMLafToQQwBSOEpS+FwEt3A2V3vKubTquT3vmLTQpFgMXp8AlFWFuP1qKaJZOtPpVXg==}
    engines: {node: '>= 0.8.0'}
    dependencies:
      debug: 2.6.9
      depd: 2.0.0
      destroy: 1.2.0
      encodeurl: 1.0.2
      escape-html: 1.0.3
      etag: 1.8.1
      fresh: 0.5.2
      http-errors: 2.0.0
      mime: 1.6.0
      ms: 2.1.3
      on-finished: 2.4.1
      range-parser: 1.2.1
      statuses: 2.0.1
    transitivePeerDependencies:
      - supports-color
    dev: false

  /serve-static/1.15.0:
    resolution: {integrity: sha512-XGuRDNjXUijsUL0vl6nSD7cwURuzEgglbOaFuZM9g3kwDXOWVTck0jLzjPzGD+TazWbboZYu52/9/XPdUgne9g==}
    engines: {node: '>= 0.8.0'}
    dependencies:
      encodeurl: 1.0.2
      escape-html: 1.0.3
      parseurl: 1.3.3
      send: 0.18.0
    transitivePeerDependencies:
      - supports-color
    dev: false

  /setprototypeof/1.2.0:
    resolution: {integrity: sha512-E5LDX7Wrp85Kil5bhZv46j8jOeboKq5JMmYM3gVGdGH8xFpPWXUMsNrlODCrkoxMEeNi/XZIwuRvY4XNwYMJpw==}

  /side-channel/1.0.4:
    resolution: {integrity: sha512-q5XPytqFEIKHkGdiMIrY10mvLRvnQh42/+GoBlFW3b2LXLE2xxJpZFdm94we0BaoV3RwJyGqg5wS7epxTv0Zvw==}
    dependencies:
      call-bind: 1.0.2
      get-intrinsic: 1.2.0
      object-inspect: 1.12.3

  /statuses/2.0.1:
    resolution: {integrity: sha512-RwNA9Z/7PrK06rYLIzFMlaF+l73iwpzsqRIFgbMLbTcLD6cOao82TaWefPXQvB2fOC4AjuYSEndS7N/mTCbkdQ==}
    engines: {node: '>= 0.8'}

  /string-width/4.2.3:
    resolution: {integrity: sha512-wKyQRQpjJ0sIp62ErSZdGsjMJWsap5oRNihHhu6G7JVO/9jIB6UyevL+tXuOqrng8j/cxKTWyWUwvSTriiZz/g==}
    engines: {node: '>=8'}
    dependencies:
      emoji-regex: 8.0.0
      is-fullwidth-code-point: 3.0.0
      strip-ansi: 6.0.1
    dev: false

  /strip-ansi/6.0.1:
    resolution: {integrity: sha512-Y38VPSHcqkFrCpFnQ9vuSXmquuv5oXOKpGeT6aGrr3o3Gc9AlVa6JBfUSOCnbxGGZF+/0ooI7KrPuUSztUdU5A==}
    engines: {node: '>=8'}
    dependencies:
      ansi-regex: 5.0.1
    dev: false

  /toidentifier/1.0.1:
    resolution: {integrity: sha512-o5sSPKEkg/DIQNmH43V0/uerLrpzVedkUh8tGNvaeXpfpuwjKenlSox/2O/BTlZUtEe+JG7s5YhEz608PlAHRA==}
    engines: {node: '>=0.6'}

  /tr46/0.0.3:
    resolution: {integrity: sha512-N3WMsuqV66lT30CrXNbEjx4GEwlow3v6rr4mCcv6prnfwhS01rkgyFdjPNBYd9br7LpXV1+Emh01fHnq2Gdgrw==}
    dev: false

  /ts-node/10.9.1_bdgp3l2zgaopogaavxusmetvge:
    resolution: {integrity: sha512-NtVysVPkxxrwFGUUxGYhfux8k78pQB3JqYBXlLRZgdGUqTO5wU/UyHop5p70iEbGhB7q5KmiZiU0Y3KlJrScEw==}
    hasBin: true
    peerDependencies:
      '@swc/core': '>=1.2.50'
      '@swc/wasm': '>=1.2.50'
      '@types/node': '*'
      typescript: '>=2.7'
    peerDependenciesMeta:
      '@swc/core':
        optional: true
      '@swc/wasm':
        optional: true
    dependencies:
      '@cspotcode/source-map-support': 0.8.1
      '@tsconfig/node10': 1.0.9
      '@tsconfig/node12': 1.0.11
      '@tsconfig/node14': 1.0.3
      '@tsconfig/node16': 1.0.3
      '@types/node': 18.11.18
      acorn: 8.8.2
      acorn-walk: 8.2.0
      arg: 4.1.3
      create-require: 1.1.1
      diff: 4.0.2
      make-error: 1.3.6
      typescript: 4.9.5
      v8-compile-cache-lib: 3.0.1
      yn: 3.1.1
    dev: false

  /tslib/2.5.0:
    resolution: {integrity: sha512-336iVw3rtn2BUK7ORdIAHTyxHGRIHVReokCR3XjbckJMK7ms8FysBfhLR8IXnAgy7T0PTPNBWKiH514FOW/WSg==}
    dev: false

  /type-is/1.6.18:
    resolution: {integrity: sha512-TkRKr9sUTxEH8MdfuCSP7VizJyzRNMjj2J2do2Jr3Kym598JVdEksuzPQCnlFPW4ky9Q+iA+ma9BGm06XQBy8g==}
    engines: {node: '>= 0.6'}
    dependencies:
      media-typer: 0.3.0
      mime-types: 2.1.35

  /typescript/4.9.5:
    resolution: {integrity: sha512-1FXk9E2Hm+QzZQ7z+McJiHL4NW1F2EzMu9Nq9i3zAaGqibafqYwCVU6WyWAuyQRRzOlxou8xZSyXLEN8oKj24g==}
    engines: {node: '>=4.2.0'}
    hasBin: true
    dev: false

  /unpipe/1.0.0:
    resolution: {integrity: sha512-pjy2bYhSsufwWlKwPc+l3cN7+wuJlK6uz0YdJEOlQDbl6jo/YlPi4mb8agUkVC8BF7V8NuzeyPNqRksA3hztKQ==}
    engines: {node: '>= 0.8'}

  /utils-merge/1.0.1:
    resolution: {integrity: sha512-pMZTvIkT1d+TFGvDOqodOclx0QWkkgi6Tdoa8gC8ffGAAqz9pzPTZWAybbsHHoED/ztMtkv/VoYTYyShUn81hA==}
    engines: {node: '>= 0.4.0'}
    dev: false

  /v8-compile-cache-lib/3.0.1:
    resolution: {integrity: sha512-wa7YjyUGfNZngI/vtK0UHAN+lgDCxBPCylVXGp0zu59Fz5aiGtNXaq3DhIov063MorB+VfufLh3JlF2KdTK3xg==}
    dev: false

  /vary/1.1.2:
    resolution: {integrity: sha512-BNGbWLfd0eUPabhkXUVm0j8uuvREyTh5ovRa/dyow/BqAbZJyC+5fU+IzQOzmAKzYqYRAISoRhdQr3eIZ/PXqg==}
    engines: {node: '>= 0.8'}
    dev: false

  /webidl-conversions/3.0.1:
    resolution: {integrity: sha512-2JAn3z8AR6rjK8Sm8orRC0h/bcl/DqL7tRPdGZ4I1CjdF+EaMLmYxBHyXuKL849eucPFhvBoxMsflfOb8kxaeQ==}
    dev: false

  /websocket-driver/0.7.4:
    resolution: {integrity: sha512-b17KeDIQVjvb0ssuSDF2cYXSg2iztliJ4B9WdsuB6J952qCPKmnVq4DyW5motImXHDC1cBT/1UezrJVsKw5zjg==}
    engines: {node: '>=0.8.0'}
    dependencies:
      http-parser-js: 0.5.8
      safe-buffer: 5.2.1
      websocket-extensions: 0.1.4
    dev: false

  /websocket-extensions/0.1.4:
    resolution: {integrity: sha512-OqedPIGOfsDlo31UNwYbCFMSaO9m9G/0faIHj5/dZFDMFqPTcx6UwqyOy3COEaEOg/9VsGIpdqn62W5KhoKSpg==}
    engines: {node: '>=0.8.0'}
    dev: false

  /whatwg-url/5.0.0:
    resolution: {integrity: sha512-saE57nupxk6v3HY35+jzBwYa0rKSy0XR8JSxZPwgLr7ys0IBzhGviA1/TUGJLmSVqs8pb9AnvICXEuOHLprYTw==}
    dependencies:
      tr46: 0.0.3
      webidl-conversions: 3.0.1
    dev: false

  /wrap-ansi/7.0.0:
    resolution: {integrity: sha512-YVGIj2kamLSTxw6NsZjoBxfSwsn0ycdesmc4p+Q21c5zPuZ1pl+NfxVdxPtdHvmNVOQ6XSYG4AUtyt/Fi7D16Q==}
    engines: {node: '>=10'}
    dependencies:
      ansi-styles: 4.3.0
      string-width: 4.2.3
      strip-ansi: 6.0.1
    dev: false

  /y18n/5.0.8:
    resolution: {integrity: sha512-0pfFzegeDWJHJIAmTLRP2DwHjdF5s7jo9tuztdQxAhINCdvS+3nGINqPd00AphqJR/0LhANUS6/+7SCb98YOfA==}
    engines: {node: '>=10'}
    dev: false

  /yargs-parser/20.2.9:
    resolution: {integrity: sha512-y11nGElTIV+CT3Zv9t7VKl+Q3hTQoT9a1Qzezhhl6Rp21gJ/IVTW7Z3y9EWXhuUBC2Shnf+DX0antecpAwSP8w==}
    engines: {node: '>=10'}
    dev: false

  /yargs/16.2.0:
    resolution: {integrity: sha512-D1mvvtDG0L5ft/jGWkLpG1+m0eQxOfaBvTNELraWj22wSVUMWxZUvYgJYcKh6jGGIkJFhH4IZPQhR4TKpc8mBw==}
    engines: {node: '>=10'}
    dependencies:
      cliui: 7.0.4
      escalade: 3.1.1
      get-caller-file: 2.0.5
      require-directory: 2.1.1
      string-width: 4.2.3
      y18n: 5.0.8
      yargs-parser: 20.2.9
    dev: false

  /yn/3.1.1:
    resolution: {integrity: sha512-Ux4ygGWsu2c7isFWe8Yu1YluJmqVhxqK2cLXNQA5AcC3QfbGNpM7fu0Y8b/z16pXLnFxZYvWhd3fhBY9DLmC6Q==}
    engines: {node: '>=6'}
    dev: false
