// !$*UTF8*$!
{
	archiveVersion = 1;
	classes = {
	};
	objectVersion = 56;
	objects = {

/* Begin PBXBuildFile section */
		32935052291B580B00D6AB10 /* ResponseManager.swift in Sources */ = {isa = PBXBuildFile; fileRef = 32935051291B580B00D6AB10 /* ResponseManager.swift */; };
		32935054291B584100D6AB10 /* SelectionState.swift in Sources */ = {isa = PBXBuildFile; fileRef = 32935053291B584100D6AB10 /* SelectionState.swift */; };
		32FAD17E2919693F007C13DD /* OCBC_Digital_ATMApp.swift in Sources */ = {isa = PBXBuildFile; fileRef = 32FAD17D2919693F007C13DD /* OCBC_Digital_ATMApp.swift */; };
		32FAD1802919693F007C13DD /* ContentView.swift in Sources */ = {isa = PBXBuildFile; fileRef = 32FAD17F2919693F007C13DD /* ContentView.swift */; };
		32FAD18229196940007C13DD /* Assets.xcassets in Resources */ = {isa = PBXBuildFile; fileRef = 32FAD18129196940007C13DD /* Assets.xcassets */; };
		32FAD18529196940007C13DD /* Preview Assets.xcassets in Resources */ = {isa = PBXBuildFile; fileRef = 32FAD18429196940007C13DD /* Preview Assets.xcassets */; };
		32FAD18C29196E09007C13DD /* HomeViewActionButton.swift in Sources */ = {isa = PBXBuildFile; fileRef = 32FAD18B29196E09007C13DD /* HomeViewActionButton.swift */; };
		32FAD18E291973B0007C13DD /* ATMWelcomeView.swift in Sources */ = {isa = PBXBuildFile; fileRef = 32FAD18D291973B0007C13DD /* ATMWelcomeView.swift */; };
		32FAD1AA291A0901007C13DD /* WelcomeView.swift in Sources */ = {isa = PBXBuildFile; fileRef = 32FAD1A9291A0901007C13DD /* WelcomeView.swift */; };
		32FAD1AC291A0B1C007C13DD /* EmergencyHelpButton.swift in Sources */ = {isa = PBXBuildFile; fileRef = 32FAD1AB291A0B1C007C13DD /* EmergencyHelpButton.swift */; };
		32FAD1AE291A12A6007C13DD /* QuestionView.swift in Sources */ = {isa = PBXBuildFile; fileRef = 32FAD1AD291A12A6007C13DD /* QuestionView.swift */; };
		32FAD1B0291A13DD007C13DD /* OpenEndedQuestion.swift in Sources */ = {isa = PBXBuildFile; fileRef = 32FAD1AF291A13DD007C13DD /* OpenEndedQuestion.swift */; };
		32FAD1CC291B4E31007C13DD /* SpeechRecognizer.swift in Sources */ = {isa = PBXBuildFile; fileRef = 32FAD1CB291B4E31007C13DD /* SpeechRecognizer.swift */; };
/* End PBXBuildFile section */

/* Begin PBXFileReference section */
		32935051291B580B00D6AB10 /* ResponseManager.swift */ = {isa = PBXFileReference; lastKnownFileType = sourcecode.swift; path = ResponseManager.swift; sourceTree = "<group>"; };
		32935053291B584100D6AB10 /* SelectionState.swift */ = {isa = PBXFileReference; lastKnownFileType = sourcecode.swift; path = SelectionState.swift; sourceTree = "<group>"; };
		32FAD17A2919693F007C13DD /* OCBC Digital ATM.app */ = {isa = PBXFileReference; explicitFileType = wrapper.application; includeInIndex = 0; path = "OCBC Digital ATM.app"; sourceTree = BUILT_PRODUCTS_DIR; };
		32FAD17D2919693F007C13DD /* OCBC_Digital_ATMApp.swift */ = {isa = PBXFileReference; lastKnownFileType = sourcecode.swift; path = OCBC_Digital_ATMApp.swift; sourceTree = "<group>"; };
		32FAD17F2919693F007C13DD /* ContentView.swift */ = {isa = PBXFileReference; lastKnownFileType = sourcecode.swift; path = ContentView.swift; sourceTree = "<group>"; };
		32FAD18129196940007C13DD /* Assets.xcassets */ = {isa = PBXFileReference; lastKnownFileType = folder.assetcatalog; path = Assets.xcassets; sourceTree = "<group>"; };
		32FAD18429196940007C13DD /* Preview Assets.xcassets */ = {isa = PBXFileReference; lastKnownFileType = folder.assetcatalog; path = "Preview Assets.xcassets"; sourceTree = "<group>"; };
		32FAD18B29196E09007C13DD /* HomeViewActionButton.swift */ = {isa = PBXFileReference; lastKnownFileType = sourcecode.swift; path = HomeViewActionButton.swift; sourceTree = "<group>"; };
		32FAD18D291973B0007C13DD /* ATMWelcomeView.swift */ = {isa = PBXFileReference; lastKnownFileType = sourcecode.swift; path = ATMWelcomeView.swift; sourceTree = "<group>"; };
		32FAD1A9291A0901007C13DD /* WelcomeView.swift */ = {isa = PBXFileReference; lastKnownFileType = sourcecode.swift; path = WelcomeView.swift; sourceTree = "<group>"; };
		32FAD1AB291A0B1C007C13DD /* EmergencyHelpButton.swift */ = {isa = PBXFileReference; lastKnownFileType = sourcecode.swift; path = EmergencyHelpButton.swift; sourceTree = "<group>"; };
		32FAD1AD291A12A6007C13DD /* QuestionView.swift */ = {isa = PBXFileReference; lastKnownFileType = sourcecode.swift; path = QuestionView.swift; sourceTree = "<group>"; };
		32FAD1AF291A13DD007C13DD /* OpenEndedQuestion.swift */ = {isa = PBXFileReference; lastKnownFileType = sourcecode.swift; path = OpenEndedQuestion.swift; sourceTree = "<group>"; };
		32FAD1CB291B4E31007C13DD /* SpeechRecognizer.swift */ = {isa = PBXFileReference; lastKnownFileType = sourcecode.swift; path = SpeechRecognizer.swift; sourceTree = "<group>"; };
/* End PBXFileReference section */

/* Begin PBXFrameworksBuildPhase section */
		32FAD1772919693F007C13DD /* Frameworks */ = {
			isa = PBXFrameworksBuildPhase;
			buildActionMask = 2147483647;
			files = (
			);
			runOnlyForDeploymentPostprocessing = 0;
		};
/* End PBXFrameworksBuildPhase section */

/* Begin PBXGroup section */
		32FAD1712919693F007C13DD = {
			isa = PBXGroup;
			children = (
				32FAD17C2919693F007C13DD /* OCBC Digital ATM */,
				32FAD17B2919693F007C13DD /* Products */,
			);
			sourceTree = "<group>";
		};
		32FAD17B2919693F007C13DD /* Products */ = {
			isa = PBXGroup;
			children = (
				32FAD17A2919693F007C13DD /* OCBC Digital ATM.app */,
			);
			name = Products;
			sourceTree = "<group>";
		};
		32FAD17C2919693F007C13DD /* OCBC Digital ATM */ = {
			isa = PBXGroup;
			children = (
				32FAD17D2919693F007C13DD /* OCBC_Digital_ATMApp.swift */,
				32FAD17F2919693F007C13DD /* ContentView.swift */,
				32FAD18D291973B0007C13DD /* ATMWelcomeView.swift */,
				32935051291B580B00D6AB10 /* ResponseManager.swift */,
				32FAD1CB291B4E31007C13DD /* SpeechRecognizer.swift */,
				32FAD1AB291A0B1C007C13DD /* EmergencyHelpButton.swift */,
				32FAD1A9291A0901007C13DD /* WelcomeView.swift */,
				32FAD1AD291A12A6007C13DD /* QuestionView.swift */,
				32935053291B584100D6AB10 /* SelectionState.swift */,
				32FAD1AF291A13DD007C13DD /* OpenEndedQuestion.swift */,
				32FAD18B29196E09007C13DD /* HomeViewActionButton.swift */,
				32FAD18129196940007C13DD /* Assets.xcassets */,
				32FAD18329196940007C13DD /* Preview Content */,
			);
			path = "OCBC Digital ATM";
			sourceTree = "<group>";
		};
		32FAD18329196940007C13DD /* Preview Content */ = {
			isa = PBXGroup;
			children = (
				32FAD18429196940007C13DD /* Preview Assets.xcassets */,
			);
			path = "Preview Content";
			sourceTree = "<group>";
		};
/* End PBXGroup section */

/* Begin PBXNativeTarget section */
		32FAD1792919693F007C13DD /* OCBC Digital ATM */ = {
			isa = PBXNativeTarget;
			buildConfigurationList = 32FAD18829196940007C13DD /* Build configuration list for PBXNativeTarget "OCBC Digital ATM" */;
			buildPhases = (
				32FAD1762919693F007C13DD /* Sources */,
				32FAD1772919693F007C13DD /* Frameworks */,
				32FAD1782919693F007C13DD /* Resources */,
			);
			buildRules = (
			);
			dependencies = (
			);
			name = "OCBC Digital ATM";
			productName = "OCBC Digital ATM";
			productReference = 32FAD17A2919693F007C13DD /* OCBC Digital ATM.app */;
			productType = "com.apple.product-type.application";
		};
/* End PBXNativeTarget section */

/* Begin PBXProject section */
		32FAD1722919693F007C13DD /* Project object */ = {
			isa = PBXProject;
			attributes = {
				BuildIndependentTargetsInParallel = 1;
				LastSwiftUpdateCheck = 1400;
				LastUpgradeCheck = 1400;
				TargetAttributes = {
					32FAD1792919693F007C13DD = {
						CreatedOnToolsVersion = 14.0;
					};
				};
			};
			buildConfigurationList = 32FAD1752919693F007C13DD /* Build configuration list for PBXProject "OCBC Digital ATM" */;
			compatibilityVersion = "Xcode 14.0";
			developmentRegion = en;
			hasScannedForEncodings = 0;
			knownRegions = (
				en,
				Base,
			);
			mainGroup = 32FAD1712919693F007C13DD;
			productRefGroup = 32FAD17B2919693F007C13DD /* Products */;
			projectDirPath = "";
			projectRoot = "";
			targets = (
				32FAD1792919693F007C13DD /* OCBC Digital ATM */,
			);
		};
/* End PBXProject section */

/* Begin PBXResourcesBuildPhase section */
		32FAD1782919693F007C13DD /* Resources */ = {
			isa = PBXResourcesBuildPhase;
			buildActionMask = 2147483647;
			files = (
				32FAD18529196940007C13DD /* Preview Assets.xcassets in Resources */,
				32FAD18229196940007C13DD /* Assets.xcassets in Resources */,
			);
			runOnlyForDeploymentPostprocessing = 0;
		};
/* End PBXResourcesBuildPhase section */

/* Begin PBXSourcesBuildPhase section */
		32FAD1762919693F007C13DD /* Sources */ = {
			isa = PBXSourcesBuildPhase;
			buildActionMask = 2147483647;
			files = (
				32935052291B580B00D6AB10 /* ResponseManager.swift in Sources */,
				32FAD1AA291A0901007C13DD /* WelcomeView.swift in Sources */,
				32FAD18E291973B0007C13DD /* ATMWelcomeView.swift in Sources */,
				32FAD1802919693F007C13DD /* ContentView.swift in Sources */,
				32FAD1AE291A12A6007C13DD /* QuestionView.swift in Sources */,
				32FAD1B0291A13DD007C13DD /* OpenEndedQuestion.swift in Sources */,
				32FAD1CC291B4E31007C13DD /* SpeechRecognizer.swift in Sources */,
				32935054291B584100D6AB10 /* SelectionState.swift in Sources */,
				32FAD18C29196E09007C13DD /* HomeViewActionButton.swift in Sources */,
				32FAD1AC291A0B1C007C13DD /* EmergencyHelpButton.swift in Sources */,
				32FAD17E2919693F007C13DD /* OCBC_Digital_ATMApp.swift in Sources */,
			);
			runOnlyForDeploymentPostprocessing = 0;
		};
/* End PBXSourcesBuildPhase section */

/* Begin XCBuildConfiguration section */
		32FAD18629196940007C13DD /* Debug */ = {
			isa = XCBuildConfiguration;
			buildSettings = {
				ALWAYS_SEARCH_USER_PATHS = NO;
				CLANG_ANALYZER_NONNULL = YES;
				CLANG_ANALYZER_NUMBER_OBJECT_CONVERSION = YES_AGGRESSIVE;
				CLANG_CXX_LANGUAGE_STANDARD = "gnu++20";
				CLANG_ENABLE_MODULES = YES;
				CLANG_ENABLE_OBJC_ARC = YES;
				CLANG_ENABLE_OBJC_WEAK = YES;
				CLANG_WARN_BLOCK_CAPTURE_AUTORELEASING = YES;
				CLANG_WARN_BOOL_CONVERSION = YES;
				CLANG_WARN_COMMA = YES;
				CLANG_WARN_CONSTANT_CONVERSION = YES;
				CLANG_WARN_DEPRECATED_OBJC_IMPLEMENTATIONS = YES;
				CLANG_WARN_DIRECT_OBJC_ISA_USAGE = YES_ERROR;
				CLANG_WARN_DOCUMENTATION_COMMENTS = YES;
				CLANG_WARN_EMPTY_BODY = YES;
				CLANG_WARN_ENUM_CONVERSION = YES;
				CLANG_WARN_INFINITE_RECURSION = YES;
				CLANG_WARN_INT_CONVERSION = YES;
				CLANG_WARN_NON_LITERAL_NULL_CONVERSION = YES;
				CLANG_WARN_OBJC_IMPLICIT_RETAIN_SELF = YES;
				CLANG_WARN_OBJC_LITERAL_CONVERSION = YES;
				CLANG_WARN_OBJC_ROOT_CLASS = YES_ERROR;
				CLANG_WARN_QUOTED_INCLUDE_IN_FRAMEWORK_HEADER = YES;
				CLANG_WARN_RANGE_LOOP_ANALYSIS = YES;
				CLANG_WARN_STRICT_PROTOTYPES = YES;
				CLANG_WARN_SUSPICIOUS_MOVE = YES;
				CLANG_WARN_UNGUARDED_AVAILABILITY = YES_AGGRESSIVE;
				CLANG_WARN_UNREACHABLE_CODE = YES;
				CLANG_WARN__DUPLICATE_METHOD_MATCH = YES;
				COPY_PHASE_STRIP = NO;
				DEBUG_INFORMATION_FORMAT = dwarf;
				ENABLE_STRICT_OBJC_MSGSEND = YES;
				ENABLE_TESTABILITY = YES;
				GCC_C_LANGUAGE_STANDARD = gnu11;
				GCC_DYNAMIC_NO_PIC = NO;
				GCC_NO_COMMON_BLOCKS = YES;
				GCC_OPTIMIZATION_LEVEL = 0;
				GCC_PREPROCESSOR_DEFINITIONS = (
					"DEBUG=1",
					"$(inherited)",
				);
				GCC_WARN_64_TO_32_BIT_CONVERSION = YES;
				GCC_WARN_ABOUT_RETURN_TYPE = YES_ERROR;
				GCC_WARN_UNDECLARED_SELECTOR = YES;
				GCC_WARN_UNINITIALIZED_AUTOS = YES_AGGRESSIVE;
				GCC_WARN_UNUSED_FUNCTION = YES;
				GCC_WARN_UNUSED_VARIABLE = YES;
				IPHONEOS_DEPLOYMENT_TARGET = 16.0;
				MTL_ENABLE_DEBUG_INFO = INCLUDE_SOURCE;
				MTL_FAST_MATH = YES;
				ONLY_ACTIVE_ARCH = YES;
				SDKROOT = iphoneos;
				SWIFT_ACTIVE_COMPILATION_CONDITIONS = DEBUG;
				SWIFT_OPTIMIZATION_LEVEL = "-Onone";
			};
			name = Debug;
		};
		32FAD18729196940007C13DD /* Release */ = {
			isa = XCBuildConfiguration;
			buildSettings = {
				ALWAYS_SEARCH_USER_PATHS = NO;
				CLANG_ANALYZER_NONNULL = YES;
				CLANG_ANALYZER_NUMBER_OBJECT_CONVERSION = YES_AGGRESSIVE;
				CLANG_CXX_LANGUAGE_STANDARD = "gnu++20";
				CLANG_ENABLE_MODULES = YES;
				CLANG_ENABLE_OBJC_ARC = YES;
				CLANG_ENABLE_OBJC_WEAK = YES;
				CLANG_WARN_BLOCK_CAPTURE_AUTORELEASING = YES;
				CLANG_WARN_BOOL_CONVERSION = YES;
				CLANG_WARN_COMMA = YES;
				CLANG_WARN_CONSTANT_CONVERSION = YES;
				CLANG_WARN_DEPRECATED_OBJC_IMPLEMENTATIONS = YES;
				CLANG_WARN_DIRECT_OBJC_ISA_USAGE = YES_ERROR;
				CLANG_WARN_DOCUMENTATION_COMMENTS = YES;
				CLANG_WARN_EMPTY_BODY = YES;
				CLANG_WARN_ENUM_CONVERSION = YES;
				CLANG_WARN_INFINITE_RECURSION = YES;
				CLANG_WARN_INT_CONVERSION = YES;
				CLANG_WARN_NON_LITERAL_NULL_CONVERSION = YES;
				CLANG_WARN_OBJC_IMPLICIT_RETAIN_SELF = YES;
				CLANG_WARN_OBJC_LITERAL_CONVERSION = YES;
				CLANG_WARN_OBJC_ROOT_CLASS = YES_ERROR;
				CLANG_WARN_QUOTED_INCLUDE_IN_FRAMEWORK_HEADER = YES;
				CLANG_WARN_RANGE_LOOP_ANALYSIS = YES;
				CLANG_WARN_STRICT_PROTOTYPES = YES;
				CLANG_WARN_SUSPICIOUS_MOVE = YES;
				CLANG_WARN_UNGUARDED_AVAILABILITY = YES_AGGRESSIVE;
				CLANG_WARN_UNREACHABLE_CODE = YES;
				CLANG_WARN__DUPLICATE_METHOD_MATCH = YES;
				COPY_PHASE_STRIP = NO;
				DEBUG_INFORMATION_FORMAT = "dwarf-with-dsym";
				ENABLE_NS_ASSERTIONS = NO;
				ENABLE_STRICT_OBJC_MSGSEND = YES;
				GCC_C_LANGUAGE_STANDARD = gnu11;
				GCC_NO_COMMON_BLOCKS = YES;
				GCC_WARN_64_TO_32_BIT_CONVERSION = YES;
				GCC_WARN_ABOUT_RETURN_TYPE = YES_ERROR;
				GCC_WARN_UNDECLARED_SELECTOR = YES;
				GCC_WARN_UNINITIALIZED_AUTOS = YES_AGGRESSIVE;
				GCC_WARN_UNUSED_FUNCTION = YES;
				GCC_WARN_UNUSED_VARIABLE = YES;
				IPHONEOS_DEPLOYMENT_TARGET = 16.0;
				MTL_ENABLE_DEBUG_INFO = NO;
				MTL_FAST_MATH = YES;
				SDKROOT = iphoneos;
				SWIFT_COMPILATION_MODE = wholemodule;
				SWIFT_OPTIMIZATION_LEVEL = "-O";
				VALIDATE_PRODUCT = YES;
			};
			name = Release;
		};
		32FAD18929196940007C13DD /* Debug */ = {
			isa = XCBuildConfiguration;
			buildSettings = {
				ASSETCATALOG_COMPILER_APPICON_NAME = AppIcon;
				ASSETCATALOG_COMPILER_GLOBAL_ACCENT_COLOR_NAME = AccentColor;
				CODE_SIGN_STYLE = Automatic;
				CURRENT_PROJECT_VERSION = 1;
				DEVELOPMENT_ASSET_PATHS = "\"OCBC Digital ATM/Preview Content\"";
				DEVELOPMENT_TEAM = XL5JK4F896;
				ENABLE_PREVIEWS = YES;
				GENERATE_INFOPLIST_FILE = YES;
				INFOPLIST_KEY_NSFaceIDUsageDescription = "Verify identity using biometric authentication";
				INFOPLIST_KEY_NSMicrophoneUsageDescription = "Fraud prevention";
				INFOPLIST_KEY_NSSpeechRecognitionUsageDescription = "Fraud prevention";
				INFOPLIST_KEY_UIApplicationSceneManifest_Generation = YES;
				INFOPLIST_KEY_UIApplicationSupportsIndirectInputEvents = YES;
				INFOPLIST_KEY_UILaunchScreen_Generation = YES;
				INFOPLIST_KEY_UISupportedInterfaceOrientations_iPad = "UIInterfaceOrientationPortrait UIInterfaceOrientationPortraitUpsideDown UIInterfaceOrientationLandscapeLeft UIInterfaceOrientationLandscapeRight";
				INFOPLIST_KEY_UISupportedInterfaceOrientations_iPhone = "UIInterfaceOrientationPortrait UIInterfaceOrientationLandscapeLeft UIInterfaceOrientationLandscapeRight";
				LD_RUNPATH_SEARCH_PATHS = (
					"$(inherited)",
					"@executable_path/Frameworks",
				);
				MARKETING_VERSION = 1.0;
				PRODUCT_BUNDLE_IDENTIFIER = "app.jiachen.OCBC-Digital-ATM";
				PRODUCT_NAME = "$(TARGET_NAME)";
				SWIFT_EMIT_LOC_STRINGS = YES;
				SWIFT_VERSION = 5.0;
				TARGETED_DEVICE_FAMILY = "1,2";
			};
			name = Debug;
		};
		32FAD18A29196940007C13DD /* Release */ = {
			isa = XCBuildConfiguration;
			buildSettings = {
				ASSETCATALOG_COMPILER_APPICON_NAME = AppIcon;
				ASSETCATALOG_COMPILER_GLOBAL_ACCENT_COLOR_NAME = AccentColor;
				CODE_SIGN_STYLE = Automatic;
				CURRENT_PROJECT_VERSION = 1;
				DEVELOPMENT_ASSET_PATHS = "\"OCBC Digital ATM/Preview Content\"";
				DEVELOPMENT_TEAM = XL5JK4F896;
				ENABLE_PREVIEWS = YES;
				GENERATE_INFOPLIST_FILE = YES;
				INFOPLIST_KEY_NSFaceIDUsageDescription = "Verify identity using biometric authentication";
				INFOPLIST_KEY_NSMicrophoneUsageDescription = "Fraud prevention";
				INFOPLIST_KEY_NSSpeechRecognitionUsageDescription = "Fraud prevention";
				INFOPLIST_KEY_UIApplicationSceneManifest_Generation = YES;
				INFOPLIST_KEY_UIApplicationSupportsIndirectInputEvents = YES;
				INFOPLIST_KEY_UILaunchScreen_Generation = YES;
				INFOPLIST_KEY_UISupportedInterfaceOrientations_iPad = "UIInterfaceOrientationPortrait UIInterfaceOrientationPortraitUpsideDown UIInterfaceOrientationLandscapeLeft UIInterfaceOrientationLandscapeRight";
				INFOPLIST_KEY_UISupportedInterfaceOrientations_iPhone = "UIInterfaceOrientationPortrait UIInterfaceOrientationLandscapeLeft UIInterfaceOrientationLandscapeRight";
				LD_RUNPATH_SEARCH_PATHS = (
					"$(inherited)",
					"@executable_path/Frameworks",
				);
				MARKETING_VERSION = 1.0;
				PRODUCT_BUNDLE_IDENTIFIER = "app.jiachen.OCBC-Digital-ATM";
				PRODUCT_NAME = "$(TARGET_NAME)";
				SWIFT_EMIT_LOC_STRINGS = YES;
				SWIFT_VERSION = 5.0;
				TARGETED_DEVICE_FAMILY = "1,2";
			};
			name = Release;
		};
/* End XCBuildConfiguration section */

/* Begin XCConfigurationList section */
		32FAD1752919693F007C13DD /* Build configuration list for PBXProject "OCBC Digital ATM" */ = {
			isa = XCConfigurationList;
			buildConfigurations = (
				32FAD18629196940007C13DD /* Debug */,
				32FAD18729196940007C13DD /* Release */,
			);
			defaultConfigurationIsVisible = 0;
			defaultConfigurationName = Release;
		};
		32FAD18829196940007C13DD /* Build configuration list for PBXNativeTarget "OCBC Digital ATM" */ = {
			isa = XCConfigurationList;
			buildConfigurations = (
				32FAD18929196940007C13DD /* Debug */,
				32FAD18A29196940007C13DD /* Release */,
			);
			defaultConfigurationIsVisible = 0;
			defaultConfigurationName = Release;
		};
/* End XCConfigurationList section */
	};
	rootObject = 32FAD1722919693F007C13DD /* Project object */;
}
